
Microsoft Visual Studio Solution File, Format Version 12.00
# Visual Studio Version 17
VisualStudioVersion = 17.11.35312.102
MinimumVisualStudioVersion = 10.0.40219.1
Project("{FAE04EC0-301F-11D3-BF4B-00C04F79EFBC}") = "Obligatorisk opgave 5 - Client", "Obligatorisk opgave 5 - Client\Obligatorisk opgave 5 - Client.csproj", "{EBDBC2EC-64AA-4F44-94F8-39A52E59B66C}"
EndProject
Global
	GlobalSection(SolutionConfigurationPlatforms) = preSolution
		Debug|Any CPU = Debug|Any CPU
		Release|Any CPU = Release|Any CPU
	EndGlobalSection
	GlobalSection(ProjectConfigurationPlatforms) = postSolution
		{EBDBC2EC-64AA-4F44-94F8-39A52E59B66C}.Debug|Any CPU.ActiveCfg = Debug|Any CPU
		{EBDBC2EC-64AA-4F44-94F8-39A52E59B66C}.Debug|Any CPU.Build.0 = Debug|Any CPU
		{EBDBC2EC-64AA-4F44-94F8-39A52E59B66C}.Release|Any CPU.ActiveCfg = Release|Any CPU
		{EBDBC2EC-64AA-4F44-94F8-39A52E59B66C}.Release|Any CPU.Build.0 = Release|Any CPU
	EndGlobalSection
	GlobalSection(SolutionProperties) = preSolution
		HideSolutionNode = FALSE
	EndGlobalSection
	GlobalSection(ExtensibilityGlobals) = postSolution
		SolutionGuid = {9E9E63A6-B556-4307-9BD4-D57761007C01}
	EndGlobalSection
EndGlobal
